
Microsoft Visual Studio Solution File, Format Version 12.00
# Visual Studio Version 17
VisualStudioVersion = 17.4.33103.184
MinimumVisualStudioVersion = 10.0.40219.1
Project("{FAE04EC0-301F-11D3-BF4B-00C04F79EFBC}") = "eTickets", "eTickets\eTickets.csproj", "{C0E87F4A-46BA-4390-B09C-466A63EDF601}"
EndProject
Global
	GlobalSection(SolutionConfigurationPlatforms) = preSolution
		Debug|Any CPU = Debug|Any CPU
		Release|Any CPU = Release|Any CPU
	EndGlobalSection
	GlobalSection(ProjectConfigurationPlatforms) = postSolution
		{C0E87F4A-46BA-4390-B09C-466A63EDF601}.Debug|Any CPU.ActiveCfg = Debug|Any CPU
		{C0E87F4A-46BA-4390-B09C-466A63EDF601}.Debug|Any CPU.Build.0 = Debug|Any CPU
		{C0E87F4A-46BA-4390-B09C-466A63EDF601}.Release|Any CPU.ActiveCfg = Release|Any CPU
		{C0E87F4A-46BA-4390-B09C-466A63EDF601}.Release|Any CPU.Build.0 = Release|Any CPU
	EndGlobalSection
	GlobalSection(SolutionProperties) = preSolution
		HideSolutionNode = FALSE
	EndGlobalSection
	GlobalSection(ExtensibilityGlobals) = postSolution
		SolutionGuid = {211751A3-E791-4685-9A29-BFA54C505743}
	EndGlobalSection
EndGlobal
